// !$*UTF8*$!
{
	archiveVersion = 1;
	classes = {
	};
	objectVersion = 56;
	objects = {

/* Begin PBXBuildFile section */
		2C28033B29F6D4D3004BDB1D /* FeedResponce.swift in Sources */ = {isa = PBXBuildFile; fileRef = 2C28033A29F6D4D3004BDB1D /* FeedResponce.swift */; };
		2C28033E29F6DA2B004BDB1D /* NetworkDataFetcher.swift in Sources */ = {isa = PBXBuildFile; fileRef = 2C28033D29F6DA2B004BDB1D /* NetworkDataFetcher.swift */; };
		2C28034029F6F14B004BDB1D /* CellGallery.swift in Sources */ = {isa = PBXBuildFile; fileRef = 2C28033F29F6F14B004BDB1D /* CellGallery.swift */; };
		2C28034529F7DEED004BDB1D /* PhotoViewController.swift in Sources */ = {isa = PBXBuildFile; fileRef = 2C28034429F7DEED004BDB1D /* PhotoViewController.swift */; };
		2C49102229F2713B008B5F71 /* AppDelegate.swift in Sources */ = {isa = PBXBuildFile; fileRef = 2C49102129F2713B008B5F71 /* AppDelegate.swift */; };
		2C49102429F2713B008B5F71 /* SceneDelegate.swift in Sources */ = {isa = PBXBuildFile; fileRef = 2C49102329F2713B008B5F71 /* SceneDelegate.swift */; };
		2C49102629F2713B008B5F71 /* AuthViewController.swift in Sources */ = {isa = PBXBuildFile; fileRef = 2C49102529F2713B008B5F71 /* AuthViewController.swift */; };
		2C49102B29F2713C008B5F71 /* Assets.xcassets in Resources */ = {isa = PBXBuildFile; fileRef = 2C49102A29F2713C008B5F71 /* Assets.xcassets */; };
		2C49102E29F2713C008B5F71 /* LaunchScreen.storyboard in Resources */ = {isa = PBXBuildFile; fileRef = 2C49102C29F2713C008B5F71 /* LaunchScreen.storyboard */; };
		2C49104429F3D671008B5F71 /* AuthService.swift in Sources */ = {isa = PBXBuildFile; fileRef = 2C49104329F3D671008B5F71 /* AuthService.swift */; };
		2C49104729F3DBC3008B5F71 /* AuthViewController.storyboard in Resources */ = {isa = PBXBuildFile; fileRef = 2C49104629F3DBC3008B5F71 /* AuthViewController.storyboard */; };
		2C49104929F422DF008B5F71 /* GalleryViewController.swift in Sources */ = {isa = PBXBuildFile; fileRef = 2C49104829F422DF008B5F71 /* GalleryViewController.swift */; };
		2C49104B29F423BF008B5F71 /* GalleryViewController.storyboard in Resources */ = {isa = PBXBuildFile; fileRef = 2C49104A29F423BF008B5F71 /* GalleryViewController.storyboard */; };
		2C49104F29F5635D008B5F71 /* NetworkService.swift in Sources */ = {isa = PBXBuildFile; fileRef = 2C49104E29F5635D008B5F71 /* NetworkService.swift */; };
		2C49105129F56560008B5F71 /* API.swift in Sources */ = {isa = PBXBuildFile; fileRef = 2C49105029F56560008B5F71 /* API.swift */; };
		2CB0923D29F81F3C00CA2831 /* PhotoViewController.storyboard in Resources */ = {isa = PBXBuildFile; fileRef = 2CB0923C29F81F3C00CA2831 /* PhotoViewController.storyboard */; };
		2CB0923F29F9190700CA2831 /* AlertController.swift in Sources */ = {isa = PBXBuildFile; fileRef = 2CB0923E29F9190700CA2831 /* AlertController.swift */; };
		2CB0924129F9289300CA2831 /* Reachability.swift in Sources */ = {isa = PBXBuildFile; fileRef = 2CB0924029F9289300CA2831 /* Reachability.swift */; };
		BE76C43446A07B91BB762F91 /* Pods_testMobileUpGallery.framework in Frameworks */ = {isa = PBXBuildFile; fileRef = 2A9B489E7515D989B82B09E8 /* Pods_testMobileUpGallery.framework */; };
/* End PBXBuildFile section */

/* Begin PBXFileReference section */
		2A9B489E7515D989B82B09E8 /* Pods_testMobileUpGallery.framework */ = {isa = PBXFileReference; explicitFileType = wrapper.framework; includeInIndex = 0; path = Pods_testMobileUpGallery.framework; sourceTree = BUILT_PRODUCTS_DIR; };
		2C28033A29F6D4D3004BDB1D /* FeedResponce.swift */ = {isa = PBXFileReference; lastKnownFileType = sourcecode.swift; path = FeedResponce.swift; sourceTree = "<group>"; };
		2C28033D29F6DA2B004BDB1D /* NetworkDataFetcher.swift */ = {isa = PBXFileReference; lastKnownFileType = sourcecode.swift; path = NetworkDataFetcher.swift; sourceTree = "<group>"; };
		2C28033F29F6F14B004BDB1D /* CellGallery.swift */ = {isa = PBXFileReference; lastKnownFileType = sourcecode.swift; path = CellGallery.swift; sourceTree = "<group>"; };
		2C28034429F7DEED004BDB1D /* PhotoViewController.swift */ = {isa = PBXFileReference; lastKnownFileType = sourcecode.swift; path = PhotoViewController.swift; sourceTree = "<group>"; };
		2C49101E29F2713B008B5F71 /* testMobileUpGallery.app */ = {isa = PBXFileReference; explicitFileType = wrapper.application; includeInIndex = 0; path = testMobileUpGallery.app; sourceTree = BUILT_PRODUCTS_DIR; };
		2C49102129F2713B008B5F71 /* AppDelegate.swift */ = {isa = PBXFileReference; lastKnownFileType = sourcecode.swift; path = AppDelegate.swift; sourceTree = "<group>"; };
		2C49102329F2713B008B5F71 /* SceneDelegate.swift */ = {isa = PBXFileReference; lastKnownFileType = sourcecode.swift; path = SceneDelegate.swift; sourceTree = "<group>"; };
		2C49102529F2713B008B5F71 /* AuthViewController.swift */ = {isa = PBXFileReference; lastKnownFileType = sourcecode.swift; path = AuthViewController.swift; sourceTree = "<group>"; };
		2C49102A29F2713C008B5F71 /* Assets.xcassets */ = {isa = PBXFileReference; lastKnownFileType = folder.assetcatalog; path = Assets.xcassets; sourceTree = "<group>"; };
		2C49102D29F2713C008B5F71 /* Base */ = {isa = PBXFileReference; lastKnownFileType = file.storyboard; name = Base; path = Base.lproj/LaunchScreen.storyboard; sourceTree = "<group>"; };
		2C49102F29F2713C008B5F71 /* Info.plist */ = {isa = PBXFileReference; lastKnownFileType = text.plist.xml; path = Info.plist; sourceTree = "<group>"; };
		2C49104329F3D671008B5F71 /* AuthService.swift */ = {isa = PBXFileReference; lastKnownFileType = sourcecode.swift; path = AuthService.swift; sourceTree = "<group>"; };
		2C49104629F3DBC3008B5F71 /* AuthViewController.storyboard */ = {isa = PBXFileReference; lastKnownFileType = file.storyboard; path = AuthViewController.storyboard; sourceTree = "<group>"; };
		2C49104829F422DF008B5F71 /* GalleryViewController.swift */ = {isa = PBXFileReference; lastKnownFileType = sourcecode.swift; path = GalleryViewController.swift; sourceTree = "<group>"; };
		2C49104A29F423BF008B5F71 /* GalleryViewController.storyboard */ = {isa = PBXFileReference; lastKnownFileType = file.storyboard; path = GalleryViewController.storyboard; sourceTree = "<group>"; };
		2C49104E29F5635D008B5F71 /* NetworkService.swift */ = {isa = PBXFileReference; lastKnownFileType = sourcecode.swift; path = NetworkService.swift; sourceTree = "<group>"; };
		2C49105029F56560008B5F71 /* API.swift */ = {isa = PBXFileReference; lastKnownFileType = sourcecode.swift; path = API.swift; sourceTree = "<group>"; };
		2CB0923C29F81F3C00CA2831 /* PhotoViewController.storyboard */ = {isa = PBXFileReference; lastKnownFileType = file.storyboard; path = PhotoViewController.storyboard; sourceTree = "<group>"; };
		2CB0923E29F9190700CA2831 /* AlertController.swift */ = {isa = PBXFileReference; lastKnownFileType = sourcecode.swift; path = AlertController.swift; sourceTree = "<group>"; };
		2CB0924029F9289300CA2831 /* Reachability.swift */ = {isa = PBXFileReference; lastKnownFileType = sourcecode.swift; path = Reachability.swift; sourceTree = "<group>"; };
		5BE86958053DCE12F5300122 /* Pods-testMobileUpGallery.debug.xcconfig */ = {isa = PBXFileReference; includeInIndex = 1; lastKnownFileType = text.xcconfig; name = "Pods-testMobileUpGallery.debug.xcconfig"; path = "Target Support Files/Pods-testMobileUpGallery/Pods-testMobileUpGallery.debug.xcconfig"; sourceTree = "<group>"; };
		CEF5A9BE30BEA32A5F1F963A /* Pods-testMobileUpGallery.release.xcconfig */ = {isa = PBXFileReference; includeInIndex = 1; lastKnownFileType = text.xcconfig; name = "Pods-testMobileUpGallery.release.xcconfig"; path = "Target Support Files/Pods-testMobileUpGallery/Pods-testMobileUpGallery.release.xcconfig"; sourceTree = "<group>"; };
/* End PBXFileReference section */

/* Begin PBXFrameworksBuildPhase section */
		2C49101B29F2713B008B5F71 /* Frameworks */ = {
			isa = PBXFrameworksBuildPhase;
			buildActionMask = 2147483647;
			files = (
				BE76C43446A07B91BB762F91 /* Pods_testMobileUpGallery.framework in Frameworks */,
			);
			runOnlyForDeploymentPostprocessing = 0;
		};
/* End PBXFrameworksBuildPhase section */

/* Begin PBXGroup section */
		2C28033C29F6D9E3004BDB1D /* Model */ = {
			isa = PBXGroup;
			children = (
				2C28033A29F6D4D3004BDB1D /* FeedResponce.swift */,
			);
			path = Model;
			sourceTree = "<group>";
		};
		2C28034129F7DE81004BDB1D /* PhotoViewController */ = {
			isa = PBXGroup;
			children = (
				2C28034429F7DEED004BDB1D /* PhotoViewController.swift */,
				2CB0923C29F81F3C00CA2831 /* PhotoViewController.storyboard */,
			);
			path = PhotoViewController;
			sourceTree = "<group>";
		};
		2C49101529F2713B008B5F71 = {
			isa = PBXGroup;
			children = (
				2C49102029F2713B008B5F71 /* testMobileUpGallery */,
				2C49101F29F2713B008B5F71 /* Products */,
				2C49103B29F2C4BB008B5F71 /* Frameworks */,
				F4D116AB2CD7C8D43B22B1E2 /* Pods */,
			);
			sourceTree = "<group>";
		};
		2C49101F29F2713B008B5F71 /* Products */ = {
			isa = PBXGroup;
			children = (
				2C49101E29F2713B008B5F71 /* testMobileUpGallery.app */,
			);
			name = Products;
			sourceTree = "<group>";
		};
		2C49102029F2713B008B5F71 /* testMobileUpGallery */ = {
			isa = PBXGroup;
			children = (
				2C49102129F2713B008B5F71 /* AppDelegate.swift */,
				2C49102329F2713B008B5F71 /* SceneDelegate.swift */,
				2C49104D29F4247E008B5F71 /* AuthViewController */,
				2C49104C29F42463008B5F71 /* GalleryViewController */,
				2C28034129F7DE81004BDB1D /* PhotoViewController */,
				2C49104529F3D683008B5F71 /* Services */,
				2C49102A29F2713C008B5F71 /* Assets.xcassets */,
				2C49102C29F2713C008B5F71 /* LaunchScreen.storyboard */,
				2C49102F29F2713C008B5F71 /* Info.plist */,
			);
			path = testMobileUpGallery;
			sourceTree = "<group>";
		};
		2C49103B29F2C4BB008B5F71 /* Frameworks */ = {
			isa = PBXGroup;
			children = (
				2A9B489E7515D989B82B09E8 /* Pods_testMobileUpGallery.framework */,
			);
			name = Frameworks;
			sourceTree = "<group>";
		};
		2C49104529F3D683008B5F71 /* Services */ = {
			isa = PBXGroup;
			children = (
				2C28033C29F6D9E3004BDB1D /* Model */,
				2C49104329F3D671008B5F71 /* AuthService.swift */,
				2C49104E29F5635D008B5F71 /* NetworkService.swift */,
				2C49105029F56560008B5F71 /* API.swift */,
				2C28033D29F6DA2B004BDB1D /* NetworkDataFetcher.swift */,
				2CB0923E29F9190700CA2831 /* AlertController.swift */,
				2CB0924029F9289300CA2831 /* Reachability.swift */,
			);
			path = Services;
			sourceTree = "<group>";
		};
		2C49104C29F42463008B5F71 /* GalleryViewController */ = {
			isa = PBXGroup;
			children = (
				2C49104829F422DF008B5F71 /* GalleryViewController.swift */,
				2C49104A29F423BF008B5F71 /* GalleryViewController.storyboard */,
				2C28033F29F6F14B004BDB1D /* CellGallery.swift */,
			);
			path = GalleryViewController;
			sourceTree = "<group>";
		};
		2C49104D29F4247E008B5F71 /* AuthViewController */ = {
			isa = PBXGroup;
			children = (
				2C49102529F2713B008B5F71 /* AuthViewController.swift */,
				2C49104629F3DBC3008B5F71 /* AuthViewController.storyboard */,
			);
			path = AuthViewController;
			sourceTree = "<group>";
		};
		F4D116AB2CD7C8D43B22B1E2 /* Pods */ = {
			isa = PBXGroup;
			children = (
				5BE86958053DCE12F5300122 /* Pods-testMobileUpGallery.debug.xcconfig */,
				CEF5A9BE30BEA32A5F1F963A /* Pods-testMobileUpGallery.release.xcconfig */,
			);
			path = Pods;
			sourceTree = "<group>";
		};
/* End PBXGroup section */

/* Begin PBXNativeTarget section */
		2C49101D29F2713B008B5F71 /* testMobileUpGallery */ = {
			isa = PBXNativeTarget;
			buildConfigurationList = 2C49103229F2713C008B5F71 /* Build configuration list for PBXNativeTarget "testMobileUpGallery" */;
			buildPhases = (
				9AD06847B531FC1B95B4646C /* [CP] Check Pods Manifest.lock */,
				2C49101A29F2713B008B5F71 /* Sources */,
				2C49101B29F2713B008B5F71 /* Frameworks */,
				2C49101C29F2713B008B5F71 /* Resources */,
				E8C9526E86DF5977A8BEAF54 /* [CP] Embed Pods Frameworks */,
			);
			buildRules = (
			);
			dependencies = (
			);
			name = testMobileUpGallery;
			productName = testMobileUpGallery;
			productReference = 2C49101E29F2713B008B5F71 /* testMobileUpGallery.app */;
			productType = "com.apple.product-type.application";
		};
/* End PBXNativeTarget section */

/* Begin PBXProject section */
		2C49101629F2713B008B5F71 /* Project object */ = {
			isa = PBXProject;
			attributes = {
				BuildIndependentTargetsInParallel = 1;
				LastSwiftUpdateCheck = 1410;
				LastUpgradeCheck = 1410;
				TargetAttributes = {
					2C49101D29F2713B008B5F71 = {
						CreatedOnToolsVersion = 14.1;
					};
				};
			};
			buildConfigurationList = 2C49101929F2713B008B5F71 /* Build configuration list for PBXProject "testMobileUpGallery" */;
			compatibilityVersion = "Xcode 14.0";
			developmentRegion = en;
			hasScannedForEncodings = 0;
			knownRegions = (
				en,
				Base,
			);
			mainGroup = 2C49101529F2713B008B5F71;
			productRefGroup = 2C49101F29F2713B008B5F71 /* Products */;
			projectDirPath = "";
			projectRoot = "";
			targets = (
				2C49101D29F2713B008B5F71 /* testMobileUpGallery */,
			);
		};
/* End PBXProject section */

/* Begin PBXResourcesBuildPhase section */
		2C49101C29F2713B008B5F71 /* Resources */ = {
			isa = PBXResourcesBuildPhase;
			buildActionMask = 2147483647;
			files = (
				2C49104B29F423BF008B5F71 /* GalleryViewController.storyboard in Resources */,
				2C49102E29F2713C008B5F71 /* LaunchScreen.storyboard in Resources */,
				2C49104729F3DBC3008B5F71 /* AuthViewController.storyboard in Resources */,
				2C49102B29F2713C008B5F71 /* Assets.xcassets in Resources */,
				2CB0923D29F81F3C00CA2831 /* PhotoViewController.storyboard in Resources */,
			);
			runOnlyForDeploymentPostprocessing = 0;
		};
/* End PBXResourcesBuildPhase section */

/* Begin PBXShellScriptBuildPhase section */
		9AD06847B531FC1B95B4646C /* [CP] Check Pods Manifest.lock */ = {
			isa = PBXShellScriptBuildPhase;
			buildActionMask = 2147483647;
			files = (
			);
			inputFileListPaths = (
			);
			inputPaths = (
				"${PODS_PODFILE_DIR_PATH}/Podfile.lock",
				"${PODS_ROOT}/Manifest.lock",
			);
			name = "[CP] Check Pods Manifest.lock";
			outputFileListPaths = (
			);
			outputPaths = (
				"$(DERIVED_FILE_DIR)/Pods-testMobileUpGallery-checkManifestLockResult.txt",
			);
			runOnlyForDeploymentPostprocessing = 0;
			shellPath = /bin/sh;
			shellScript = "diff \"${PODS_PODFILE_DIR_PATH}/Podfile.lock\" \"${PODS_ROOT}/Manifest.lock\" > /dev/null\nif [ $? != 0 ] ; then\n    # print error to STDERR\n    echo \"error: The sandbox is not in sync with the Podfile.lock. Run 'pod install' or update your CocoaPods installation.\" >&2\n    exit 1\nfi\n# This output is used by Xcode 'outputs' to avoid re-running this script phase.\necho \"SUCCESS\" > \"${SCRIPT_OUTPUT_FILE_0}\"\n";
			showEnvVarsInLog = 0;
		};
		E8C9526E86DF5977A8BEAF54 /* [CP] Embed Pods Frameworks */ = {
			isa = PBXShellScriptBuildPhase;
			buildActionMask = 2147483647;
			files = (
			);
			inputFileListPaths = (
				"${PODS_ROOT}/Target Support Files/Pods-testMobileUpGallery/Pods-testMobileUpGallery-frameworks-${CONFIGURATION}-input-files.xcfilelist",
			);
			name = "[CP] Embed Pods Frameworks";
			outputFileListPaths = (
				"${PODS_ROOT}/Target Support Files/Pods-testMobileUpGallery/Pods-testMobileUpGallery-frameworks-${CONFIGURATION}-output-files.xcfilelist",
			);
			runOnlyForDeploymentPostprocessing = 0;
			shellPath = /bin/sh;
			shellScript = "\"${PODS_ROOT}/Target Support Files/Pods-testMobileUpGallery/Pods-testMobileUpGallery-frameworks.sh\"\n";
			showEnvVarsInLog = 0;
		};
/* End PBXShellScriptBuildPhase section */

/* Begin PBXSourcesBuildPhase section */
		2C49101A29F2713B008B5F71 /* Sources */ = {
			isa = PBXSourcesBuildPhase;
			buildActionMask = 2147483647;
			files = (
				2C28033B29F6D4D3004BDB1D /* FeedResponce.swift in Sources */,
				2C49102629F2713B008B5F71 /* AuthViewController.swift in Sources */,
				2C49102229F2713B008B5F71 /* AppDelegate.swift in Sources */,
				2C49104929F422DF008B5F71 /* GalleryViewController.swift in Sources */,
				2CB0923F29F9190700CA2831 /* AlertController.swift in Sources */,
				2C49102429F2713B008B5F71 /* SceneDelegate.swift in Sources */,
				2C49104F29F5635D008B5F71 /* NetworkService.swift in Sources */,
				2C28033E29F6DA2B004BDB1D /* NetworkDataFetcher.swift in Sources */,
				2C49104429F3D671008B5F71 /* AuthService.swift in Sources */,
				2C28034029F6F14B004BDB1D /* CellGallery.swift in Sources */,
				2C49105129F56560008B5F71 /* API.swift in Sources */,
				2C28034529F7DEED004BDB1D /* PhotoViewController.swift in Sources */,
				2CB0924129F9289300CA2831 /* Reachability.swift in Sources */,
			);
			runOnlyForDeploymentPostprocessing = 0;
		};
/* End PBXSourcesBuildPhase section */

/* Begin PBXVariantGroup section */
		2C49102C29F2713C008B5F71 /* LaunchScreen.storyboard */ = {
			isa = PBXVariantGroup;
			children = (
				2C49102D29F2713C008B5F71 /* Base */,
			);
			name = LaunchScreen.storyboard;
			sourceTree = "<group>";
		};
/* End PBXVariantGroup section */

/* Begin XCBuildConfiguration section */
		2C49103029F2713C008B5F71 /* Debug */ = {
			isa = XCBuildConfiguration;
			buildSettings = {
				ALWAYS_SEARCH_USER_PATHS = NO;
				CLANG_ANALYZER_NONNULL = YES;
				CLANG_ANALYZER_NUMBER_OBJECT_CONVERSION = YES_AGGRESSIVE;
				CLANG_CXX_LANGUAGE_STANDARD = "gnu++20";
				CLANG_ENABLE_MODULES = YES;
				CLANG_ENABLE_OBJC_ARC = YES;
				CLANG_ENABLE_OBJC_WEAK = YES;
				CLANG_WARN_BLOCK_CAPTURE_AUTORELEASING = YES;
				CLANG_WARN_BOOL_CONVERSION = YES;
				CLANG_WARN_COMMA = YES;
				CLANG_WARN_CONSTANT_CONVERSION = YES;
				CLANG_WARN_DEPRECATED_OBJC_IMPLEMENTATIONS = YES;
				CLANG_WARN_DIRECT_OBJC_ISA_USAGE = YES_ERROR;
				CLANG_WARN_DOCUMENTATION_COMMENTS = YES;
				CLANG_WARN_EMPTY_BODY = YES;
				CLANG_WARN_ENUM_CONVERSION = YES;
				CLANG_WARN_INFINITE_RECURSION = YES;
				CLANG_WARN_INT_CONVERSION = YES;
				CLANG_WARN_NON_LITERAL_NULL_CONVERSION = YES;
				CLANG_WARN_OBJC_IMPLICIT_RETAIN_SELF = YES;
				CLANG_WARN_OBJC_LITERAL_CONVERSION = YES;
				CLANG_WARN_OBJC_ROOT_CLASS = YES_ERROR;
				CLANG_WARN_QUOTED_INCLUDE_IN_FRAMEWORK_HEADER = YES;
				CLANG_WARN_RANGE_LOOP_ANALYSIS = YES;
				CLANG_WARN_STRICT_PROTOTYPES = YES;
				CLANG_WARN_SUSPICIOUS_MOVE = YES;
				CLANG_WARN_UNGUARDED_AVAILABILITY = YES_AGGRESSIVE;
				CLANG_WARN_UNREACHABLE_CODE = YES;
				CLANG_WARN__DUPLICATE_METHOD_MATCH = YES;
				COPY_PHASE_STRIP = NO;
				DEBUG_INFORMATION_FORMAT = dwarf;
				ENABLE_STRICT_OBJC_MSGSEND = YES;
				ENABLE_TESTABILITY = YES;
				GCC_C_LANGUAGE_STANDARD = gnu11;
				GCC_DYNAMIC_NO_PIC = NO;
				GCC_NO_COMMON_BLOCKS = YES;
				GCC_OPTIMIZATION_LEVEL = 0;
				GCC_PREPROCESSOR_DEFINITIONS = (
					"DEBUG=1",
					"$(inherited)",
				);
				GCC_WARN_64_TO_32_BIT_CONVERSION = YES;
				GCC_WARN_ABOUT_RETURN_TYPE = YES_ERROR;
				GCC_WARN_UNDECLARED_SELECTOR = YES;
				GCC_WARN_UNINITIALIZED_AUTOS = YES_AGGRESSIVE;
				GCC_WARN_UNUSED_FUNCTION = YES;
				GCC_WARN_UNUSED_VARIABLE = YES;
				IPHONEOS_DEPLOYMENT_TARGET = 16.1;
				MTL_ENABLE_DEBUG_INFO = INCLUDE_SOURCE;
				MTL_FAST_MATH = YES;
				ONLY_ACTIVE_ARCH = YES;
				SDKROOT = iphoneos;
				SWIFT_ACTIVE_COMPILATION_CONDITIONS = DEBUG;
				SWIFT_OPTIMIZATION_LEVEL = "-Onone";
			};
			name = Debug;
		};
		2C49103129F2713C008B5F71 /* Release */ = {
			isa = XCBuildConfiguration;
			buildSettings = {
				ALWAYS_SEARCH_USER_PATHS = NO;
				CLANG_ANALYZER_NONNULL = YES;
				CLANG_ANALYZER_NUMBER_OBJECT_CONVERSION = YES_AGGRESSIVE;
				CLANG_CXX_LANGUAGE_STANDARD = "gnu++20";
				CLANG_ENABLE_MODULES = YES;
				CLANG_ENABLE_OBJC_ARC = YES;
				CLANG_ENABLE_OBJC_WEAK = YES;
				CLANG_WARN_BLOCK_CAPTURE_AUTORELEASING = YES;
				CLANG_WARN_BOOL_CONVERSION = YES;
				CLANG_WARN_COMMA = YES;
				CLANG_WARN_CONSTANT_CONVERSION = YES;
				CLANG_WARN_DEPRECATED_OBJC_IMPLEMENTATIONS = YES;
				CLANG_WARN_DIRECT_OBJC_ISA_USAGE = YES_ERROR;
				CLANG_WARN_DOCUMENTATION_COMMENTS = YES;
				CLANG_WARN_EMPTY_BODY = YES;
				CLANG_WARN_ENUM_CONVERSION = YES;
				CLANG_WARN_INFINITE_RECURSION = YES;
				CLANG_WARN_INT_CONVERSION = YES;
				CLANG_WARN_NON_LITERAL_NULL_CONVERSION = YES;
				CLANG_WARN_OBJC_IMPLICIT_RETAIN_SELF = YES;
				CLANG_WARN_OBJC_LITERAL_CONVERSION = YES;
				CLANG_WARN_OBJC_ROOT_CLASS = YES_ERROR;
				CLANG_WARN_QUOTED_INCLUDE_IN_FRAMEWORK_HEADER = YES;
				CLANG_WARN_RANGE_LOOP_ANALYSIS = YES;
				CLANG_WARN_STRICT_PROTOTYPES = YES;
				CLANG_WARN_SUSPICIOUS_MOVE = YES;
				CLANG_WARN_UNGUARDED_AVAILABILITY = YES_AGGRESSIVE;
				CLANG_WARN_UNREACHABLE_CODE = YES;
				CLANG_WARN__DUPLICATE_METHOD_MATCH = YES;
				COPY_PHASE_STRIP = NO;
				DEBUG_INFORMATION_FORMAT = "dwarf-with-dsym";
				ENABLE_NS_ASSERTIONS = NO;
				ENABLE_STRICT_OBJC_MSGSEND = YES;
				GCC_C_LANGUAGE_STANDARD = gnu11;
				GCC_NO_COMMON_BLOCKS = YES;
				GCC_WARN_64_TO_32_BIT_CONVERSION = YES;
				GCC_WARN_ABOUT_RETURN_TYPE = YES_ERROR;
				GCC_WARN_UNDECLARED_SELECTOR = YES;
				GCC_WARN_UNINITIALIZED_AUTOS = YES_AGGRESSIVE;
				GCC_WARN_UNUSED_FUNCTION = YES;
				GCC_WARN_UNUSED_VARIABLE = YES;
				IPHONEOS_DEPLOYMENT_TARGET = 16.1;
				MTL_ENABLE_DEBUG_INFO = NO;
				MTL_FAST_MATH = YES;
				SDKROOT = iphoneos;
				SWIFT_COMPILATION_MODE = wholemodule;
				SWIFT_OPTIMIZATION_LEVEL = "-O";
				VALIDATE_PRODUCT = YES;
			};
			name = Release;
		};
		2C49103329F2713C008B5F71 /* Debug */ = {
			isa = XCBuildConfiguration;
			baseConfigurationReference = 5BE86958053DCE12F5300122 /* Pods-testMobileUpGallery.debug.xcconfig */;
			buildSettings = {
				ASSETCATALOG_COMPILER_APPICON_NAME = AppIcon;
				ASSETCATALOG_COMPILER_GLOBAL_ACCENT_COLOR_NAME = AccentColor;
				CODE_SIGN_STYLE = Automatic;
				CURRENT_PROJECT_VERSION = 1;
				DEVELOPMENT_TEAM = XLXB9YQ52L;
				EXCLUDED_ARCHS = "";
				GENERATE_INFOPLIST_FILE = YES;
				INFOPLIST_FILE = testMobileUpGallery/Info.plist;
				INFOPLIST_KEY_UIApplicationSupportsIndirectInputEvents = YES;
				INFOPLIST_KEY_UILaunchStoryboardName = LaunchScreen;
				INFOPLIST_KEY_UISupportedInterfaceOrientations_iPad = "UIInterfaceOrientationPortrait UIInterfaceOrientationPortraitUpsideDown UIInterfaceOrientationLandscapeLeft UIInterfaceOrientationLandscapeRight";
				INFOPLIST_KEY_UISupportedInterfaceOrientations_iPhone = "UIInterfaceOrientationPortrait UIInterfaceOrientationLandscapeLeft UIInterfaceOrientationLandscapeRight";
				LD_RUNPATH_SEARCH_PATHS = (
					"$(inherited)",
					"@executable_path/Frameworks",
				);
				LIBRARY_SEARCH_PATHS = "";
				MARKETING_VERSION = 1.0;
				PRODUCT_BUNDLE_IDENTIFIER = ru.ivanov.testMobileUpGallery;
				PRODUCT_NAME = "$(TARGET_NAME)";
				SUPPORTED_PLATFORMS = "iphoneos iphonesimulator";
				SUPPORTS_MACCATALYST = NO;
				SUPPORTS_MAC_DESIGNED_FOR_IPHONE_IPAD = NO;
				SWIFT_EMIT_LOC_STRINGS = YES;
				SWIFT_VERSION = 5.0;
				TARGETED_DEVICE_FAMILY = 1;
			};
			name = Debug;
		};
		2C49103429F2713C008B5F71 /* Release */ = {
			isa = XCBuildConfiguration;
			baseConfigurationReference = CEF5A9BE30BEA32A5F1F963A /* Pods-testMobileUpGallery.release.xcconfig */;
			buildSettings = {
				ASSETCATALOG_COMPILER_APPICON_NAME = AppIcon;
				ASSETCATALOG_COMPILER_GLOBAL_ACCENT_COLOR_NAME = AccentColor;
				CODE_SIGN_STYLE = Automatic;
				CURRENT_PROJECT_VERSION = 1;
				DEVELOPMENT_TEAM = XLXB9YQ52L;
				GENERATE_INFOPLIST_FILE = YES;
				INFOPLIST_FILE = testMobileUpGallery/Info.plist;
				INFOPLIST_KEY_UIApplicationSupportsIndirectInputEvents = YES;
				INFOPLIST_KEY_UILaunchStoryboardName = LaunchScreen;
				INFOPLIST_KEY_UISupportedInterfaceOrientations_iPad = "UIInterfaceOrientationPortrait UIInterfaceOrientationPortraitUpsideDown UIInterfaceOrientationLandscapeLeft UIInterfaceOrientationLandscapeRight";
				INFOPLIST_KEY_UISupportedInterfaceOrientations_iPhone = "UIInterfaceOrientationPortrait UIInterfaceOrientationLandscapeLeft UIInterfaceOrientationLandscapeRight";
				LD_RUNPATH_SEARCH_PATHS = (
					"$(inherited)",
					"@executable_path/Frameworks",
				);
				LIBRARY_SEARCH_PATHS = "";
				MARKETING_VERSION = 1.0;
				PRODUCT_BUNDLE_IDENTIFIER = ru.ivanov.testMobileUpGallery;
				PRODUCT_NAME = "$(TARGET_NAME)";
				SUPPORTED_PLATFORMS = "iphoneos iphonesimulator";
				SUPPORTS_MACCATALYST = NO;
				SUPPORTS_MAC_DESIGNED_FOR_IPHONE_IPAD = NO;
				SWIFT_EMIT_LOC_STRINGS = YES;
				SWIFT_VERSION = 5.0;
				TARGETED_DEVICE_FAMILY = 1;
			};
			name = Release;
		};
/* End XCBuildConfiguration section */

/* Begin XCConfigurationList section */
		2C49101929F2713B008B5F71 /* Build configuration list for PBXProject "testMobileUpGallery" */ = {
			isa = XCConfigurationList;
			buildConfigurations = (
				2C49103029F2713C008B5F71 /* Debug */,
				2C49103129F2713C008B5F71 /* Release */,
			);
			defaultConfigurationIsVisible = 0;
			defaultConfigurationName = Release;
		};
		2C49103229F2713C008B5F71 /* Build configuration list for PBXNativeTarget "testMobileUpGallery" */ = {
			isa = XCConfigurationList;
			buildConfigurations = (
				2C49103329F2713C008B5F71 /* Debug */,
				2C49103429F2713C008B5F71 /* Release */,
			);
			defaultConfigurationIsVisible = 0;
			defaultConfigurationName = Release;
		};
/* End XCConfigurationList section */
	};
	rootObject = 2C49101629F2713B008B5F71 /* Project object */;
}
